
Microsoft Visual Studio Solution File, Format Version 12.00
# Visual Studio Version 17
VisualStudioVersion = 17.10.34607.79
MinimumVisualStudioVersion = 10.0.40219.1
Project("{9A19103F-16F7-4668-BE54-9A1E7A4F7556}") = "urfit-presence", "urfit-presence.csproj", "{A2A17F25-3C15-4689-B82E-086837F3F133}"
EndProject
Global
	GlobalSection(SolutionConfigurationPlatforms) = preSolution
		Debug|Any CPU = Debug|Any CPU
		Release|Any CPU = Release|Any CPU
	EndGlobalSection
	GlobalSection(ProjectConfigurationPlatforms) = postSolution
		{A2A17F25-3C15-4689-B82E-086837F3F133}.Debug|Any CPU.ActiveCfg = Debug|Any CPU
		{A2A17F25-3C15-4689-B82E-086837F3F133}.Debug|Any CPU.Build.0 = Debug|Any CPU
		{A2A17F25-3C15-4689-B82E-086837F3F133}.Release|Any CPU.ActiveCfg = Release|Any CPU
		{A2A17F25-3C15-4689-B82E-086837F3F133}.Release|Any CPU.Build.0 = Release|Any CPU
	EndGlobalSection
	GlobalSection(SolutionProperties) = preSolution
		HideSolutionNode = FALSE
	EndGlobalSection
	GlobalSection(ExtensibilityGlobals) = postSolution
		SolutionGuid = {95EDC057-006B-4684-82E9-FF62541B37B8}
	EndGlobalSection
EndGlobal
